
Microsoft Visual Studio Solution File, Format Version 12.00
# Visual Studio Version 17
VisualStudioVersion = 17.1.32228.430
MinimumVisualStudioVersion = 10.0.40219.1
Project("{FAE04EC0-301F-11D3-BF4B-00C04F79EFBC}") = "AzureFunctions.Samples", "AzureFunctions.Samples\AzureFunctions.Samples.csproj", "{8F716286-8BC5-427F-9691-5E7BAC229927}"
EndProject
Global
	GlobalSection(SolutionConfigurationPlatforms) = preSolution
		Debug|Any CPU = Debug|Any CPU
		Release|Any CPU = Release|Any CPU
	EndGlobalSection
	GlobalSection(ProjectConfigurationPlatforms) = postSolution
		{8F716286-8BC5-427F-9691-5E7BAC229927}.Debug|Any CPU.ActiveCfg = Debug|Any CPU
		{8F716286-8BC5-427F-9691-5E7BAC229927}.Debug|Any CPU.Build.0 = Debug|Any CPU
		{8F716286-8BC5-427F-9691-5E7BAC229927}.Release|Any CPU.ActiveCfg = Release|Any CPU
		{8F716286-8BC5-427F-9691-5E7BAC229927}.Release|Any CPU.Build.0 = Release|Any CPU
	EndGlobalSection
	GlobalSection(SolutionProperties) = preSolution
		HideSolutionNode = FALSE
	EndGlobalSection
	GlobalSection(ExtensibilityGlobals) = postSolution
		SolutionGuid = {E14905BB-03E9-4AA9-B872-1D4821D6B057}
	EndGlobalSection
EndGlobal
